
Microsoft Visual Studio Solution File, Format Version 12.00
# Visual Studio Express 2012 for Web
Project("{FAE04EC0-301F-11D3-BF4B-00C04F79EFBC}") = "UsandoAreas", "UsandoAreas\UsandoAreas.csproj", "{C606E835-DA39-4B74-BE3F-FB71F6E7067F}"
EndProject
Global
	GlobalSection(SolutionConfigurationPlatforms) = preSolution
		Debug|Any CPU = Debug|Any CPU
		Release|Any CPU = Release|Any CPU
	EndGlobalSection
	GlobalSection(ProjectConfigurationPlatforms) = postSolution
		{C606E835-DA39-4B74-BE3F-FB71F6E7067F}.Debug|Any CPU.ActiveCfg = Debug|Any CPU
		{C606E835-DA39-4B74-BE3F-FB71F6E7067F}.Debug|Any CPU.Build.0 = Debug|Any CPU
		{C606E835-DA39-4B74-BE3F-FB71F6E7067F}.Release|Any CPU.ActiveCfg = Release|Any CPU
		{C606E835-DA39-4B74-BE3F-FB71F6E7067F}.Release|Any CPU.Build.0 = Release|Any CPU
	EndGlobalSection
	GlobalSection(SolutionProperties) = preSolution
		HideSolutionNode = FALSE
	EndGlobalSection
EndGlobal
